Microsoft Visual Studio Solution File, Format Version 12.00
# Visual Studio Version 17
VisualStudioVersion = 17.5.2.0
MinimumVisualStudioVersion = 10.0.40219.1
Project("{FAE04EC0-301F-11D3-BF4B-00C04F79EFBC}") = "OGA.DiscordBot.EntityFramework", "OGA.DiscordBot.EntityFramework\OGA.DiscordBot.EntityFramework.csproj", "{0D691615-E5E0-8089-9105-D79C7FA77D40}"
EndProject
Project("{FAE04EC0-301F-11D3-BF4B-00C04F79EFBC}") = "OGA.DiscordBot", "OGA.DiscordBot\OGA.DiscordBot.csproj", "{B4270C3E-33BD-8748-3952-7A893634E3D8}"
EndProject
Global
	GlobalSection(SolutionConfigurationPlatforms) = preSolution
		Debug|Any CPU = Debug|Any CPU
		Release|Any CPU = Release|Any CPU
	EndGlobalSection
	GlobalSection(ProjectConfigurationPlatforms) = postSolution
		{0D691615-E5E0-8089-9105-D79C7FA77D40}.Debug|Any CPU.ActiveCfg = Debug|Any CPU
		{0D691615-E5E0-8089-9105-D79C7FA77D40}.Debug|Any CPU.Build.0 = Debug|Any CPU
		{0D691615-E5E0-8089-9105-D79C7FA77D40}.Release|Any CPU.ActiveCfg = Release|Any CPU
		{0D691615-E5E0-8089-9105-D79C7FA77D40}.Release|Any CPU.Build.0 = Release|Any CPU
		{B4270C3E-33BD-8748-3952-7A893634E3D8}.Debug|Any CPU.ActiveCfg = Debug|Any CPU
		{B4270C3E-33BD-8748-3952-7A893634E3D8}.Debug|Any CPU.Build.0 = Debug|Any CPU
		{B4270C3E-33BD-8748-3952-7A893634E3D8}.Release|Any CPU.ActiveCfg = Release|Any CPU
		{B4270C3E-33BD-8748-3952-7A893634E3D8}.Release|Any CPU.Build.0 = Release|Any CPU
	EndGlobalSection
	GlobalSection(SolutionProperties) = preSolution
		HideSolutionNode = FALSE
	EndGlobalSection
	GlobalSection(ExtensibilityGlobals) = postSolution
		SolutionGuid = {383F705D-860A-4AD3-A6C7-93BC37F3555E}
	EndGlobalSection
EndGlobal
